
Microsoft Visual Studio Solution File, Format Version 12.00
# Blend for Visual Studio Version 16
VisualStudioVersion = 16.0.32510.428
MinimumVisualStudioVersion = 10.0.40219.1
Project("{9A19103F-16F7-4668-BE54-9A1E7A4F7556}") = "sand", "sand\sand.csproj", "{4C7D2DD2-2361-40F5-809C-DB87F4E260DF}"
EndProject
Global
	GlobalSection(SolutionConfigurationPlatforms) = preSolution
		Debug|Any CPU = Debug|Any CPU
		Debug|x64 = Debug|x64
		Release|Any CPU = Release|Any CPU
		Release|x64 = Release|x64
	EndGlobalSection
	GlobalSection(ProjectConfigurationPlatforms) = postSolution
		{4C7D2DD2-2361-40F5-809C-DB87F4E260DF}.Debug|Any CPU.ActiveCfg = Debug|Any CPU
		{4C7D2DD2-2361-40F5-809C-DB87F4E260DF}.Debug|Any CPU.Build.0 = Debug|Any CPU
		{4C7D2DD2-2361-40F5-809C-DB87F4E260DF}.Debug|x64.ActiveCfg = Debug|Any CPU
		{4C7D2DD2-2361-40F5-809C-DB87F4E260DF}.Debug|x64.Build.0 = Debug|Any CPU
		{4C7D2DD2-2361-40F5-809C-DB87F4E260DF}.Release|Any CPU.ActiveCfg = Release|Any CPU
		{4C7D2DD2-2361-40F5-809C-DB87F4E260DF}.Release|Any CPU.Build.0 = Release|Any CPU
		{4C7D2DD2-2361-40F5-809C-DB87F4E260DF}.Release|x64.ActiveCfg = Release|Any CPU
		{4C7D2DD2-2361-40F5-809C-DB87F4E260DF}.Release|x64.Build.0 = Release|Any CPU
	EndGlobalSection
	GlobalSection(SolutionProperties) = preSolution
		HideSolutionNode = FALSE
	EndGlobalSection
	GlobalSection(ExtensibilityGlobals) = postSolution
		SolutionGuid = {33D98042-B242-4556-949E-0C47A6E247F4}
	EndGlobalSection
EndGlobal
